
Microsoft Visual Studio Solution File, Format Version 12.00
# Visual Studio Version 17
VisualStudioVersion = 17.0.31912.275
MinimumVisualStudioVersion = 10.0.40219.1
Project("{FAE04EC0-301F-11D3-BF4B-00C04F79EFBC}") = "SelectionStatements1", "SelectionStatements1\SelectionStatements1.csproj", "{BCB08E1F-AAF7-4739-A813-CECD5715E469}"
EndProject
Global
	GlobalSection(SolutionConfigurationPlatforms) = preSolution
		Debug|Any CPU = Debug|Any CPU
		Release|Any CPU = Release|Any CPU
	EndGlobalSection
	GlobalSection(ProjectConfigurationPlatforms) = postSolution
		{BCB08E1F-AAF7-4739-A813-CECD5715E469}.Debug|Any CPU.ActiveCfg = Debug|Any CPU
		{BCB08E1F-AAF7-4739-A813-CECD5715E469}.Debug|Any CPU.Build.0 = Debug|Any CPU
		{BCB08E1F-AAF7-4739-A813-CECD5715E469}.Release|Any CPU.ActiveCfg = Release|Any CPU
		{BCB08E1F-AAF7-4739-A813-CECD5715E469}.Release|Any CPU.Build.0 = Release|Any CPU
	EndGlobalSection
	GlobalSection(SolutionProperties) = preSolution
		HideSolutionNode = FALSE
	EndGlobalSection
	GlobalSection(ExtensibilityGlobals) = postSolution
		SolutionGuid = {949ECE95-0237-4B12-B53C-710926035A66}
	EndGlobalSection
EndGlobal
